
Microsoft Visual Studio Solution File, Format Version 12.00
# Visual Studio Version 16
VisualStudioVersion = 16.0.29709.97
MinimumVisualStudioVersion = 10.0.40219.1
Project("{FAE04EC0-301F-11D3-BF4B-00C04F79EFBC}") = "BackEnd", "BackEnd\BackEnd.csproj", "{BE5EB79B-B842-42FC-B126-76F5A8F761A1}"
EndProject
Project("{FAE04EC0-301F-11D3-BF4B-00C04F79EFBC}") = "PruebasBackEnd", "PruebasBackEnd\PruebasBackEnd.csproj", "{32500001-4964-4B07-B77A-02A06C961912}"
EndProject
Project("{FAE04EC0-301F-11D3-BF4B-00C04F79EFBC}") = "FrontEnd", "FrontEnd\FrontEnd.csproj", "{CF09695D-8312-47B0-B86D-44018C530920}"
EndProject
Global
	GlobalSection(SolutionConfigurationPlatforms) = preSolution
		Debug|Any CPU = Debug|Any CPU
		Release|Any CPU = Release|Any CPU
	EndGlobalSection
	GlobalSection(ProjectConfigurationPlatforms) = postSolution
		{BE5EB79B-B842-42FC-B126-76F5A8F761A1}.Debug|Any CPU.ActiveCfg = Debug|Any CPU
		{BE5EB79B-B842-42FC-B126-76F5A8F761A1}.Debug|Any CPU.Build.0 = Debug|Any CPU
		{BE5EB79B-B842-42FC-B126-76F5A8F761A1}.Release|Any CPU.ActiveCfg = Release|Any CPU
		{BE5EB79B-B842-42FC-B126-76F5A8F761A1}.Release|Any CPU.Build.0 = Release|Any CPU
		{32500001-4964-4B07-B77A-02A06C961912}.Debug|Any CPU.ActiveCfg = Debug|Any CPU
		{32500001-4964-4B07-B77A-02A06C961912}.Debug|Any CPU.Build.0 = Debug|Any CPU
		{32500001-4964-4B07-B77A-02A06C961912}.Release|Any CPU.ActiveCfg = Release|Any CPU
		{32500001-4964-4B07-B77A-02A06C961912}.Release|Any CPU.Build.0 = Release|Any CPU
		{CF09695D-8312-47B0-B86D-44018C530920}.Debug|Any CPU.ActiveCfg = Debug|Any CPU
		{CF09695D-8312-47B0-B86D-44018C530920}.Debug|Any CPU.Build.0 = Debug|Any CPU
		{CF09695D-8312-47B0-B86D-44018C530920}.Release|Any CPU.ActiveCfg = Release|Any CPU
		{CF09695D-8312-47B0-B86D-44018C530920}.Release|Any CPU.Build.0 = Release|Any CPU
	EndGlobalSection
	GlobalSection(SolutionProperties) = preSolution
		HideSolutionNode = FALSE
	EndGlobalSection
	GlobalSection(ExtensibilityGlobals) = postSolution
		SolutionGuid = {26127B95-B172-4886-84D6-B1E6B4DB4E03}
	EndGlobalSection
EndGlobal
